
Microsoft Visual Studio Solution File, Format Version 10.00
# Visual Studio 2008
Project("{F2A71F9B-5D33-465A-A702-920D77279786}") = "DndCharacterGenerator", "DndCharacterGenerator\DndCharacterGenerator.fsproj", "{728E2A06-7E26-4F83-A3EE-B174584F2842}"
EndProject
Global
	GlobalSection(SolutionConfigurationPlatforms) = preSolution
		Debug|Any CPU = Debug|Any CPU
		Release|Any CPU = Release|Any CPU
	EndGlobalSection
	GlobalSection(ProjectConfigurationPlatforms) = postSolution
		{728E2A06-7E26-4F83-A3EE-B174584F2842}.Debug|Any CPU.ActiveCfg = Debug|Any CPU
		{728E2A06-7E26-4F83-A3EE-B174584F2842}.Debug|Any CPU.Build.0 = Debug|Any CPU
		{728E2A06-7E26-4F83-A3EE-B174584F2842}.Release|Any CPU.ActiveCfg = Release|Any CPU
		{728E2A06-7E26-4F83-A3EE-B174584F2842}.Release|Any CPU.Build.0 = Release|Any CPU
	EndGlobalSection
	GlobalSection(SolutionProperties) = preSolution
		HideSolutionNode = FALSE
	EndGlobalSection
EndGlobal
